hash: b02df893989673ec5069f61ac22a51309ac8596c0033e8cf39b2c669691837f9
updated: 2017-10-19T22:24:09.573352+02:00
imports:
- name: github.com/dgrijalva/jwt-go
  version: a539ee1a749a2b895533f979515ac7e6e0f5b650
  subpackages:
  - request
- name: github.com/go-redis/redis
  version: 35248155a505a84811be81a2aab1c423317447be
  subpackages:
  - internal
  - internal/consistenthash
  - internal/hashtag
  - internal/pool
  - internal/proto
- name: github.com/go-sql-driver/mysql
  version: fade21009797158e7b79e04c340118a9220c6f9e
- name: github.com/gorilla/context
  version: 08b5f424b9271eedf6f9f0ce86cb9396ed337a42
- name: github.com/gorilla/handlers
  version: a4d79d4487c2430a17d9dc8a1f74d1a6ed6908ca
- name: github.com/gorilla/mux
  version: 9bd9ff2d1d2a0660d35050674f2c3112547997af
- name: github.com/jinzhu/gorm
  version: 0a51f6cdc55d1650d9ed3b4c13026cfa9133b01e
- name: github.com/pressly/goose
  version: 056a4d47dcc4d67fa3947a4f13945a5c690e568b
  subpackages:
  - cmd/goose
- name: github.com/rainycape/unidecode
  version: cb7f23ec59bec0d61b19c56cd88cee3d0cc1870c
- name: github.com/satori/go.uuid
  version: 5bf94b69c6b68ee1b541973bb8e1144db23a194b
- name: golang.org/x/crypto
  version: 541b9d50ad47e36efd8fb423e938e59ff1691f68
  subpackages:
  - bcrypt
  - blowfish
testImports: []
